
Microsoft Visual Studio Solution File, Format Version 12.00
# Visual Studio 14
VisualStudioVersion = 14.0.25420.1
MinimumVisualStudioVersion = 10.0.40219.1
Project("{FAE04EC0-301F-11D3-BF4B-00C04F79EFBC}") = "POCMusicMoney", "POCMusicMoney\POCMusicMoney.csproj", "{3638606D-E2AE-4EC2-953C-1205ADF14740}"
EndProject
Project("{FAE04EC0-301F-11D3-BF4B-00C04F79EFBC}") = "POCMusicMoney.Tests", "POCMusicMoney.Tests\POCMusicMoney.Tests.csproj", "{F9E0D2CF-6C89-47F7-B828-EB9B29D64915}"
EndProject
Project("{FAE04EC0-301F-11D3-BF4B-00C04F79EFBC}") = "Mobile.MusicMoney.Droid", "Mobile.MusicMoney\Mobile.MusicMoney.Droid\Mobile.MusicMoney.Droid.csproj", "{ED31FCEB-D040-485F-8287-30B8D2B9A7BD}"
EndProject
Project("{FAE04EC0-301F-11D3-BF4B-00C04F79EFBC}") = "Mobile.MusicMoney.iOS", "Mobile.MusicMoney\Mobile.MusicMoney.iOS\Mobile.MusicMoney.iOS.csproj", "{F3D2020E-BA6C-4DCF-82C9-D3B93FED76EF}"
EndProject
Project("{FAE04EC0-301F-11D3-BF4B-00C04F79EFBC}") = "Mobile.MusicMoney.WinPhone", "Mobile.MusicMoney\Mobile.MusicMoney.WinPhone\Mobile.MusicMoney.WinPhone.csproj", "{A450096A-20A6-4EC0-81B8-ED7CFC81E665}"
EndProject
Project("{FAE04EC0-301F-11D3-BF4B-00C04F79EFBC}") = "Mobile.MusicMoney.UWP", "Mobile.MusicMoney\Mobile.MusicMoney.UWP\Mobile.MusicMoney.UWP.csproj", "{534CD7A9-E2D2-4558-967A-5CE4BC0FC000}"
EndProject
Project("{FAE04EC0-301F-11D3-BF4B-00C04F79EFBC}") = "Mobile.MusicMoney.Windows", "Mobile.MusicMoney\Mobile.MusicMoney.Windows\Mobile.MusicMoney.Windows.csproj", "{61E15330-9A61-4BCF-9512-BB3CFDFE3C0F}"
EndProject
Project("{FAE04EC0-301F-11D3-BF4B-00C04F79EFBC}") = "Mobile.MusicMoney", "Mobile.MusicMoney\Mobile.MusicMoney\Mobile.MusicMoney.csproj", "{E963C6E2-20C8-44CE-B067-50CB5183D7EE}"
EndProject
Global
	GlobalSection(SolutionConfigurationPlatforms) = preSolution
		Ad-Hoc|Any CPU = Ad-Hoc|Any CPU
		Ad-Hoc|ARM = Ad-Hoc|ARM
		Ad-Hoc|iPhone = Ad-Hoc|iPhone
		Ad-Hoc|iPhoneSimulator = Ad-Hoc|iPhoneSimulator
		Ad-Hoc|x64 = Ad-Hoc|x64
		Ad-Hoc|x86 = Ad-Hoc|x86
		AppStore|Any CPU = AppStore|Any CPU
		AppStore|ARM = AppStore|ARM
		AppStore|iPhone = AppStore|iPhone
		AppStore|iPhoneSimulator = AppStore|iPhoneSimulator
		AppStore|x64 = AppStore|x64
		AppStore|x86 = AppStore|x86
		Debug|Any CPU = Debug|Any CPU
		Debug|ARM = Debug|ARM
		Debug|iPhone = Debug|iPhone
		Debug|iPhoneSimulator = Debug|iPhoneSimulator
		Debug|x64 = Debug|x64
		Debug|x86 = Debug|x86
		Release|Any CPU = Release|Any CPU
		Release|ARM = Release|ARM
		Release|iPhone = Release|iPhone
		Release|iPhoneSimulator = Release|iPhoneSimulator
		Release|x64 = Release|x64
		Release|x86 = Release|x86
	EndGlobalSection
	GlobalSection(ProjectConfigurationPlatforms) = postSolution
		{3638606D-E2AE-4EC2-953C-1205ADF14740}.Ad-Hoc|Any CPU.ActiveCfg = Release|Any CPU
		{3638606D-E2AE-4EC2-953C-1205ADF14740}.Ad-Hoc|Any CPU.Build.0 = Release|Any CPU
		{3638606D-E2AE-4EC2-953C-1205ADF14740}.Ad-Hoc|ARM.ActiveCfg = Release|Any CPU
		{3638606D-E2AE-4EC2-953C-1205ADF14740}.Ad-Hoc|ARM.Build.0 = Release|Any CPU
		{3638606D-E2AE-4EC2-953C-1205ADF14740}.Ad-Hoc|iPhone.ActiveCfg = Release|Any CPU
		{3638606D-E2AE-4EC2-953C-1205ADF14740}.Ad-Hoc|iPhone.Build.0 = Release|Any CPU
		{3638606D-E2AE-4EC2-953C-1205ADF14740}.Ad-Hoc|iPhoneSimulator.ActiveCfg = Release|Any CPU
		{3638606D-E2AE-4EC2-953C-1205ADF14740}.Ad-Hoc|iPhoneSimulator.Build.0 = Release|Any CPU
		{3638606D-E2AE-4EC2-953C-1205ADF14740}.Ad-Hoc|x64.ActiveCfg = Release|Any CPU
		{3638606D-E2AE-4EC2-953C-1205ADF14740}.Ad-Hoc|x64.Build.0 = Release|Any CPU
		{3638606D-E2AE-4EC2-953C-1205ADF14740}.Ad-Hoc|x86.ActiveCfg = Release|Any CPU
		{3638606D-E2AE-4EC2-953C-1205ADF14740}.Ad-Hoc|x86.Build.0 = Release|Any CPU
		{3638606D-E2AE-4EC2-953C-1205ADF14740}.AppStore|Any CPU.ActiveCfg = Release|Any CPU
		{3638606D-E2AE-4EC2-953C-1205ADF14740}.AppStore|Any CPU.Build.0 = Release|Any CPU
		{3638606D-E2AE-4EC2-953C-1205ADF14740}.AppStore|ARM.ActiveCfg = Release|Any CPU
		{3638606D-E2AE-4EC2-953C-1205ADF14740}.AppStore|ARM.Build.0 = Release|Any CPU
		{3638606D-E2AE-4EC2-953C-1205ADF14740}.AppStore|iPhone.ActiveCfg = Release|Any CPU
		{3638606D-E2AE-4EC2-953C-1205ADF14740}.AppStore|iPhone.Build.0 = Release|Any CPU
		{3638606D-E2AE-4EC2-953C-1205ADF14740}.AppStore|iPhoneSimulator.ActiveCfg = Release|Any CPU
		{3638606D-E2AE-4EC2-953C-1205ADF14740}.AppStore|iPhoneSimulator.Build.0 = Release|Any CPU
		{3638606D-E2AE-4EC2-953C-1205ADF14740}.AppStore|x64.ActiveCfg = Release|Any CPU
		{3638606D-E2AE-4EC2-953C-1205ADF14740}.AppStore|x64.Build.0 = Release|Any CPU
		{3638606D-E2AE-4EC2-953C-1205ADF14740}.AppStore|x86.ActiveCfg = Release|Any CPU
		{3638606D-E2AE-4EC2-953C-1205ADF14740}.AppStore|x86.Build.0 = Release|Any CPU
		{3638606D-E2AE-4EC2-953C-1205ADF14740}.Debug|Any CPU.ActiveCfg = Debug|Any CPU
		{3638606D-E2AE-4EC2-953C-1205ADF14740}.Debug|Any CPU.Build.0 = Debug|Any CPU
		{3638606D-E2AE-4EC2-953C-1205ADF14740}.Debug|ARM.ActiveCfg = Debug|Any CPU
		{3638606D-E2AE-4EC2-953C-1205ADF14740}.Debug|ARM.Build.0 = Debug|Any CPU
		{3638606D-E2AE-4EC2-953C-1205ADF14740}.Debug|iPhone.ActiveCfg = Debug|Any CPU
		{3638606D-E2AE-4EC2-953C-1205ADF14740}.Debug|iPhone.Build.0 = Debug|Any CPU
		{3638606D-E2AE-4EC2-953C-1205ADF14740}.Debug|iPhoneSimulator.ActiveCfg = Debug|Any CPU
		{3638606D-E2AE-4EC2-953C-1205ADF14740}.Debug|iPhoneSimulator.Build.0 = Debug|Any CPU
		{3638606D-E2AE-4EC2-953C-1205ADF14740}.Debug|x64.ActiveCfg = Debug|Any CPU
		{3638606D-E2AE-4EC2-953C-1205ADF14740}.Debug|x64.Build.0 = Debug|Any CPU
		{3638606D-E2AE-4EC2-953C-1205ADF14740}.Debug|x86.ActiveCfg = Debug|Any CPU
		{3638606D-E2AE-4EC2-953C-1205ADF14740}.Debug|x86.Build.0 = Debug|Any CPU
		{3638606D-E2AE-4EC2-953C-1205ADF14740}.Release|Any CPU.ActiveCfg = Release|Any CPU
		{3638606D-E2AE-4EC2-953C-1205ADF14740}.Release|Any CPU.Build.0 = Release|Any CPU
		{3638606D-E2AE-4EC2-953C-1205ADF14740}.Release|ARM.ActiveCfg = Release|Any CPU
		{3638606D-E2AE-4EC2-953C-1205ADF14740}.Release|ARM.Build.0 = Release|Any CPU
		{3638606D-E2AE-4EC2-953C-1205ADF14740}.Release|iPhone.ActiveCfg = Release|Any CPU
		{3638606D-E2AE-4EC2-953C-1205ADF14740}.Release|iPhone.Build.0 = Release|Any CPU
		{3638606D-E2AE-4EC2-953C-1205ADF14740}.Release|iPhoneSimulator.ActiveCfg = Release|Any CPU
		{3638606D-E2AE-4EC2-953C-1205ADF14740}.Release|iPhoneSimulator.Build.0 = Release|Any CPU
		{3638606D-E2AE-4EC2-953C-1205ADF14740}.Release|x64.ActiveCfg = Release|Any CPU
		{3638606D-E2AE-4EC2-953C-1205ADF14740}.Release|x64.Build.0 = Release|Any CPU
		{3638606D-E2AE-4EC2-953C-1205ADF14740}.Release|x86.ActiveCfg = Release|Any CPU
		{3638606D-E2AE-4EC2-953C-1205ADF14740}.Release|x86.Build.0 = Release|Any CPU
		{F9E0D2CF-6C89-47F7-B828-EB9B29D64915}.Ad-Hoc|Any CPU.ActiveCfg = Release|Any CPU
		{F9E0D2CF-6C89-47F7-B828-EB9B29D64915}.Ad-Hoc|Any CPU.Build.0 = Release|Any CPU
		{F9E0D2CF-6C89-47F7-B828-EB9B29D64915}.Ad-Hoc|ARM.ActiveCfg = Release|Any CPU
		{F9E0D2CF-6C89-47F7-B828-EB9B29D64915}.Ad-Hoc|ARM.Build.0 = Release|Any CPU
		{F9E0D2CF-6C89-47F7-B828-EB9B29D64915}.Ad-Hoc|iPhone.ActiveCfg = Release|Any CPU
		{F9E0D2CF-6C89-47F7-B828-EB9B29D64915}.Ad-Hoc|iPhone.Build.0 = Release|Any CPU
		{F9E0D2CF-6C89-47F7-B828-EB9B29D64915}.Ad-Hoc|iPhoneSimulator.ActiveCfg = Release|Any CPU
		{F9E0D2CF-6C89-47F7-B828-EB9B29D64915}.Ad-Hoc|iPhoneSimulator.Build.0 = Release|Any CPU
		{F9E0D2CF-6C89-47F7-B828-EB9B29D64915}.Ad-Hoc|x64.ActiveCfg = Release|Any CPU
		{F9E0D2CF-6C89-47F7-B828-EB9B29D64915}.Ad-Hoc|x64.Build.0 = Release|Any CPU
		{F9E0D2CF-6C89-47F7-B828-EB9B29D64915}.Ad-Hoc|x86.ActiveCfg = Release|Any CPU
		{F9E0D2CF-6C89-47F7-B828-EB9B29D64915}.Ad-Hoc|x86.Build.0 = Release|Any CPU
		{F9E0D2CF-6C89-47F7-B828-EB9B29D64915}.AppStore|Any CPU.ActiveCfg = Release|Any CPU
		{F9E0D2CF-6C89-47F7-B828-EB9B29D64915}.AppStore|Any CPU.Build.0 = Release|Any CPU
		{F9E0D2CF-6C89-47F7-B828-EB9B29D64915}.AppStore|ARM.ActiveCfg = Release|Any CPU
		{F9E0D2CF-6C89-47F7-B828-EB9B29D64915}.AppStore|ARM.Build.0 = Release|Any CPU
		{F9E0D2CF-6C89-47F7-B828-EB9B29D64915}.AppStore|iPhone.ActiveCfg = Release|Any CPU
		{F9E0D2CF-6C89-47F7-B828-EB9B29D64915}.AppStore|iPhone.Build.0 = Release|Any CPU
		{F9E0D2CF-6C89-47F7-B828-EB9B29D64915}.AppStore|iPhoneSimulator.ActiveCfg = Release|Any CPU
		{F9E0D2CF-6C89-47F7-B828-EB9B29D64915}.AppStore|iPhoneSimulator.Build.0 = Release|Any CPU
		{F9E0D2CF-6C89-47F7-B828-EB9B29D64915}.AppStore|x64.ActiveCfg = Release|Any CPU
		{F9E0D2CF-6C89-47F7-B828-EB9B29D64915}.AppStore|x64.Build.0 = Release|Any CPU
		{F9E0D2CF-6C89-47F7-B828-EB9B29D64915}.AppStore|x86.ActiveCfg = Release|Any CPU
		{F9E0D2CF-6C89-47F7-B828-EB9B29D64915}.AppStore|x86.Build.0 = Release|Any CPU
		{F9E0D2CF-6C89-47F7-B828-EB9B29D64915}.Debug|Any CPU.ActiveCfg = Debug|Any CPU
		{F9E0D2CF-6C89-47F7-B828-EB9B29D64915}.Debug|Any CPU.Build.0 = Debug|Any CPU
		{F9E0D2CF-6C89-47F7-B828-EB9B29D64915}.Debug|ARM.ActiveCfg = Debug|Any CPU
		{F9E0D2CF-6C89-47F7-B828-EB9B29D64915}.Debug|ARM.Build.0 = Debug|Any CPU
		{F9E0D2CF-6C89-47F7-B828-EB9B29D64915}.Debug|iPhone.ActiveCfg = Debug|Any CPU
		{F9E0D2CF-6C89-47F7-B828-EB9B29D64915}.Debug|iPhone.Build.0 = Debug|Any CPU
		{F9E0D2CF-6C89-47F7-B828-EB9B29D64915}.Debug|iPhoneSimulator.ActiveCfg = Debug|Any CPU
		{F9E0D2CF-6C89-47F7-B828-EB9B29D64915}.Debug|iPhoneSimulator.Build.0 = Debug|Any CPU
		{F9E0D2CF-6C89-47F7-B828-EB9B29D64915}.Debug|x64.ActiveCfg = Debug|Any CPU
		{F9E0D2CF-6C89-47F7-B828-EB9B29D64915}.Debug|x64.Build.0 = Debug|Any CPU
		{F9E0D2CF-6C89-47F7-B828-EB9B29D64915}.Debug|x86.ActiveCfg = Debug|Any CPU
		{F9E0D2CF-6C89-47F7-B828-EB9B29D64915}.Debug|x86.Build.0 = Debug|Any CPU
		{F9E0D2CF-6C89-47F7-B828-EB9B29D64915}.Release|Any CPU.ActiveCfg = Release|Any CPU
		{F9E0D2CF-6C89-47F7-B828-EB9B29D64915}.Release|Any CPU.Build.0 = Release|Any CPU
		{F9E0D2CF-6C89-47F7-B828-EB9B29D64915}.Release|ARM.ActiveCfg = Release|Any CPU
		{F9E0D2CF-6C89-47F7-B828-EB9B29D64915}.Release|ARM.Build.0 = Release|Any CPU
		{F9E0D2CF-6C89-47F7-B828-EB9B29D64915}.Release|iPhone.ActiveCfg = Release|Any CPU
		{F9E0D2CF-6C89-47F7-B828-EB9B29D64915}.Release|iPhone.Build.0 = Release|Any CPU
		{F9E0D2CF-6C89-47F7-B828-EB9B29D64915}.Release|iPhoneSimulator.ActiveCfg = Release|Any CPU
		{F9E0D2CF-6C89-47F7-B828-EB9B29D64915}.Release|iPhoneSimulator.Build.0 = Release|Any CPU
		{F9E0D2CF-6C89-47F7-B828-EB9B29D64915}.Release|x64.ActiveCfg = Release|Any CPU
		{F9E0D2CF-6C89-47F7-B828-EB9B29D64915}.Release|x64.Build.0 = Release|Any CPU
		{F9E0D2CF-6C89-47F7-B828-EB9B29D64915}.Release|x86.ActiveCfg = Release|Any CPU
		{F9E0D2CF-6C89-47F7-B828-EB9B29D64915}.Release|x86.Build.0 = Release|Any CPU
		{ED31FCEB-D040-485F-8287-30B8D2B9A7BD}.Ad-Hoc|Any CPU.ActiveCfg = Release|Any CPU
		{ED31FCEB-D040-485F-8287-30B8D2B9A7BD}.Ad-Hoc|Any CPU.Build.0 = Release|Any CPU
		{ED31FCEB-D040-485F-8287-30B8D2B9A7BD}.Ad-Hoc|Any CPU.Deploy.0 = Release|Any CPU
		{ED31FCEB-D040-485F-8287-30B8D2B9A7BD}.Ad-Hoc|ARM.ActiveCfg = Release|Any CPU
		{ED31FCEB-D040-485F-8287-30B8D2B9A7BD}.Ad-Hoc|ARM.Build.0 = Release|Any CPU
		{ED31FCEB-D040-485F-8287-30B8D2B9A7BD}.Ad-Hoc|ARM.Deploy.0 = Release|Any CPU
		{ED31FCEB-D040-485F-8287-30B8D2B9A7BD}.Ad-Hoc|iPhone.ActiveCfg = Release|Any CPU
		{ED31FCEB-D040-485F-8287-30B8D2B9A7BD}.Ad-Hoc|iPhone.Build.0 = Release|Any CPU
		{ED31FCEB-D040-485F-8287-30B8D2B9A7BD}.Ad-Hoc|iPhone.Deploy.0 = Release|Any CPU
		{ED31FCEB-D040-485F-8287-30B8D2B9A7BD}.Ad-Hoc|iPhoneSimulator.ActiveCfg = Release|Any CPU
		{ED31FCEB-D040-485F-8287-30B8D2B9A7BD}.Ad-Hoc|iPhoneSimulator.Build.0 = Release|Any CPU
		{ED31FCEB-D040-485F-8287-30B8D2B9A7BD}.Ad-Hoc|iPhoneSimulator.Deploy.0 = Release|Any CPU
		{ED31FCEB-D040-485F-8287-30B8D2B9A7BD}.Ad-Hoc|x64.ActiveCfg = Release|Any CPU
		{ED31FCEB-D040-485F-8287-30B8D2B9A7BD}.Ad-Hoc|x64.Build.0 = Release|Any CPU
		{ED31FCEB-D040-485F-8287-30B8D2B9A7BD}.Ad-Hoc|x64.Deploy.0 = Release|Any CPU
		{ED31FCEB-D040-485F-8287-30B8D2B9A7BD}.Ad-Hoc|x86.ActiveCfg = Release|Any CPU
		{ED31FCEB-D040-485F-8287-30B8D2B9A7BD}.Ad-Hoc|x86.Build.0 = Release|Any CPU
		{ED31FCEB-D040-485F-8287-30B8D2B9A7BD}.Ad-Hoc|x86.Deploy.0 = Release|Any CPU
		{ED31FCEB-D040-485F-8287-30B8D2B9A7BD}.AppStore|Any CPU.ActiveCfg = Release|Any CPU
		{ED31FCEB-D040-485F-8287-30B8D2B9A7BD}.AppStore|Any CPU.Build.0 = Release|Any CPU
		{ED31FCEB-D040-485F-8287-30B8D2B9A7BD}.AppStore|Any CPU.Deploy.0 = Release|Any CPU
		{ED31FCEB-D040-485F-8287-30B8D2B9A7BD}.AppStore|ARM.ActiveCfg = Release|Any CPU
		{ED31FCEB-D040-485F-8287-30B8D2B9A7BD}.AppStore|ARM.Build.0 = Release|Any CPU
		{ED31FCEB-D040-485F-8287-30B8D2B9A7BD}.AppStore|ARM.Deploy.0 = Release|Any CPU
		{ED31FCEB-D040-485F-8287-30B8D2B9A7BD}.AppStore|iPhone.ActiveCfg = Release|Any CPU
		{ED31FCEB-D040-485F-8287-30B8D2B9A7BD}.AppStore|iPhone.Build.0 = Release|Any CPU
		{ED31FCEB-D040-485F-8287-30B8D2B9A7BD}.AppStore|iPhone.Deploy.0 = Release|Any CPU
		{ED31FCEB-D040-485F-8287-30B8D2B9A7BD}.AppStore|iPhoneSimulator.ActiveCfg = Release|Any CPU
		{ED31FCEB-D040-485F-8287-30B8D2B9A7BD}.AppStore|iPhoneSimulator.Build.0 = Release|Any CPU
		{ED31FCEB-D040-485F-8287-30B8D2B9A7BD}.AppStore|iPhoneSimulator.Deploy.0 = Release|Any CPU
		{ED31FCEB-D040-485F-8287-30B8D2B9A7BD}.AppStore|x64.ActiveCfg = Release|Any CPU
		{ED31FCEB-D040-485F-8287-30B8D2B9A7BD}.AppStore|x64.Build.0 = Release|Any CPU
		{ED31FCEB-D040-485F-8287-30B8D2B9A7BD}.AppStore|x64.Deploy.0 = Release|Any CPU
		{ED31FCEB-D040-485F-8287-30B8D2B9A7BD}.AppStore|x86.ActiveCfg = Release|Any CPU
		{ED31FCEB-D040-485F-8287-30B8D2B9A7BD}.AppStore|x86.Build.0 = Release|Any CPU
		{ED31FCEB-D040-485F-8287-30B8D2B9A7BD}.AppStore|x86.Deploy.0 = Release|Any CPU
		{ED31FCEB-D040-485F-8287-30B8D2B9A7BD}.Debug|Any CPU.ActiveCfg = Debug|Any CPU
		{ED31FCEB-D040-485F-8287-30B8D2B9A7BD}.Debug|Any CPU.Build.0 = Debug|Any CPU
		{ED31FCEB-D040-485F-8287-30B8D2B9A7BD}.Debug|Any CPU.Deploy.0 = Debug|Any CPU
		{ED31FCEB-D040-485F-8287-30B8D2B9A7BD}.Debug|ARM.ActiveCfg = Debug|Any CPU
		{ED31FCEB-D040-485F-8287-30B8D2B9A7BD}.Debug|ARM.Build.0 = Debug|Any CPU
		{ED31FCEB-D040-485F-8287-30B8D2B9A7BD}.Debug|ARM.Deploy.0 = Debug|Any CPU
		{ED31FCEB-D040-485F-8287-30B8D2B9A7BD}.Debug|iPhone.ActiveCfg = Debug|Any CPU
		{ED31FCEB-D040-485F-8287-30B8D2B9A7BD}.Debug|iPhone.Build.0 = Debug|Any CPU
		{ED31FCEB-D040-485F-8287-30B8D2B9A7BD}.Debug|iPhone.Deploy.0 = Debug|Any CPU
		{ED31FCEB-D040-485F-8287-30B8D2B9A7BD}.Debug|iPhoneSimulator.ActiveCfg = Debug|Any CPU
		{ED31FCEB-D040-485F-8287-30B8D2B9A7BD}.Debug|iPhoneSimulator.Build.0 = Debug|Any CPU
		{ED31FCEB-D040-485F-8287-30B8D2B9A7BD}.Debug|iPhoneSimulator.Deploy.0 = Debug|Any CPU
		{ED31FCEB-D040-485F-8287-30B8D2B9A7BD}.Debug|x64.ActiveCfg = Debug|Any CPU
		{ED31FCEB-D040-485F-8287-30B8D2B9A7BD}.Debug|x64.Build.0 = Debug|Any CPU
		{ED31FCEB-D040-485F-8287-30B8D2B9A7BD}.Debug|x64.Deploy.0 = Debug|Any CPU
		{ED31FCEB-D040-485F-8287-30B8D2B9A7BD}.Debug|x86.ActiveCfg = Debug|Any CPU
		{ED31FCEB-D040-485F-8287-30B8D2B9A7BD}.Debug|x86.Build.0 = Debug|Any CPU
		{ED31FCEB-D040-485F-8287-30B8D2B9A7BD}.Debug|x86.Deploy.0 = Debug|Any CPU
		{ED31FCEB-D040-485F-8287-30B8D2B9A7BD}.Release|Any CPU.ActiveCfg = Release|Any CPU
		{ED31FCEB-D040-485F-8287-30B8D2B9A7BD}.Release|Any CPU.Build.0 = Release|Any CPU
		{ED31FCEB-D040-485F-8287-30B8D2B9A7BD}.Release|Any CPU.Deploy.0 = Release|Any CPU
		{ED31FCEB-D040-485F-8287-30B8D2B9A7BD}.Release|ARM.ActiveCfg = Release|Any CPU
		{ED31FCEB-D040-485F-8287-30B8D2B9A7BD}.Release|ARM.Build.0 = Release|Any CPU
		{ED31FCEB-D040-485F-8287-30B8D2B9A7BD}.Release|ARM.Deploy.0 = Release|Any CPU
		{ED31FCEB-D040-485F-8287-30B8D2B9A7BD}.Release|iPhone.ActiveCfg = Release|Any CPU
		{ED31FCEB-D040-485F-8287-30B8D2B9A7BD}.Release|iPhone.Build.0 = Release|Any CPU
		{ED31FCEB-D040-485F-8287-30B8D2B9A7BD}.Release|iPhone.Deploy.0 = Release|Any CPU
		{ED31FCEB-D040-485F-8287-30B8D2B9A7BD}.Release|iPhoneSimulator.ActiveCfg = Release|Any CPU
		{ED31FCEB-D040-485F-8287-30B8D2B9A7BD}.Release|iPhoneSimulator.Build.0 = Release|Any CPU
		{ED31FCEB-D040-485F-8287-30B8D2B9A7BD}.Release|iPhoneSimulator.Deploy.0 = Release|Any CPU
		{ED31FCEB-D040-485F-8287-30B8D2B9A7BD}.Release|x64.ActiveCfg = Release|Any CPU
		{ED31FCEB-D040-485F-8287-30B8D2B9A7BD}.Release|x64.Build.0 = Release|Any CPU
		{ED31FCEB-D040-485F-8287-30B8D2B9A7BD}.Release|x64.Deploy.0 = Release|Any CPU
		{ED31FCEB-D040-485F-8287-30B8D2B9A7BD}.Release|x86.ActiveCfg = Release|Any CPU
		{ED31FCEB-D040-485F-8287-30B8D2B9A7BD}.Release|x86.Build.0 = Release|Any CPU
		{ED31FCEB-D040-485F-8287-30B8D2B9A7BD}.Release|x86.Deploy.0 = Release|Any CPU
		{F3D2020E-BA6C-4DCF-82C9-D3B93FED76EF}.Ad-Hoc|Any CPU.ActiveCfg = Ad-Hoc|iPhone
		{F3D2020E-BA6C-4DCF-82C9-D3B93FED76EF}.Ad-Hoc|ARM.ActiveCfg = Ad-Hoc|iPhone
		{F3D2020E-BA6C-4DCF-82C9-D3B93FED76EF}.Ad-Hoc|iPhone.ActiveCfg = Ad-Hoc|iPhone
		{F3D2020E-BA6C-4DCF-82C9-D3B93FED76EF}.Ad-Hoc|iPhone.Build.0 = Ad-Hoc|iPhone
		{F3D2020E-BA6C-4DCF-82C9-D3B93FED76EF}.Ad-Hoc|iPhoneSimulator.ActiveCfg = Ad-Hoc|iPhoneSimulator
		{F3D2020E-BA6C-4DCF-82C9-D3B93FED76EF}.Ad-Hoc|iPhoneSimulator.Build.0 = Ad-Hoc|iPhoneSimulator
		{F3D2020E-BA6C-4DCF-82C9-D3B93FED76EF}.Ad-Hoc|x64.ActiveCfg = Ad-Hoc|iPhone
		{F3D2020E-BA6C-4DCF-82C9-D3B93FED76EF}.Ad-Hoc|x86.ActiveCfg = Ad-Hoc|iPhone
		{F3D2020E-BA6C-4DCF-82C9-D3B93FED76EF}.AppStore|Any CPU.ActiveCfg = AppStore|iPhone
		{F3D2020E-BA6C-4DCF-82C9-D3B93FED76EF}.AppStore|ARM.ActiveCfg = AppStore|iPhone
		{F3D2020E-BA6C-4DCF-82C9-D3B93FED76EF}.AppStore|iPhone.ActiveCfg = AppStore|iPhone
		{F3D2020E-BA6C-4DCF-82C9-D3B93FED76EF}.AppStore|iPhone.Build.0 = AppStore|iPhone
		{F3D2020E-BA6C-4DCF-82C9-D3B93FED76EF}.AppStore|iPhoneSimulator.ActiveCfg = AppStore|iPhoneSimulator
		{F3D2020E-BA6C-4DCF-82C9-D3B93FED76EF}.AppStore|iPhoneSimulator.Build.0 = AppStore|iPhoneSimulator
		{F3D2020E-BA6C-4DCF-82C9-D3B93FED76EF}.AppStore|x64.ActiveCfg = AppStore|iPhone
		{F3D2020E-BA6C-4DCF-82C9-D3B93FED76EF}.AppStore|x86.ActiveCfg = AppStore|iPhone
		{F3D2020E-BA6C-4DCF-82C9-D3B93FED76EF}.Debug|Any CPU.ActiveCfg = Debug|iPhone
		{F3D2020E-BA6C-4DCF-82C9-D3B93FED76EF}.Debug|ARM.ActiveCfg = Debug|iPhone
		{F3D2020E-BA6C-4DCF-82C9-D3B93FED76EF}.Debug|iPhone.ActiveCfg = Debug|iPhone
		{F3D2020E-BA6C-4DCF-82C9-D3B93FED76EF}.Debug|iPhone.Build.0 = Debug|iPhone
		{F3D2020E-BA6C-4DCF-82C9-D3B93FED76EF}.Debug|iPhoneSimulator.ActiveCfg = Debug|iPhoneSimulator
		{F3D2020E-BA6C-4DCF-82C9-D3B93FED76EF}.Debug|iPhoneSimulator.Build.0 = Debug|iPhoneSimulator
		{F3D2020E-BA6C-4DCF-82C9-D3B93FED76EF}.Debug|x64.ActiveCfg = Debug|iPhone
		{F3D2020E-BA6C-4DCF-82C9-D3B93FED76EF}.Debug|x86.ActiveCfg = Debug|iPhone
		{F3D2020E-BA6C-4DCF-82C9-D3B93FED76EF}.Release|Any CPU.ActiveCfg = Release|iPhone
		{F3D2020E-BA6C-4DCF-82C9-D3B93FED76EF}.Release|ARM.ActiveCfg = Release|iPhone
		{F3D2020E-BA6C-4DCF-82C9-D3B93FED76EF}.Release|iPhone.ActiveCfg = Release|iPhone
		{F3D2020E-BA6C-4DCF-82C9-D3B93FED76EF}.Release|iPhone.Build.0 = Release|iPhone
		{F3D2020E-BA6C-4DCF-82C9-D3B93FED76EF}.Release|iPhoneSimulator.ActiveCfg = Release|iPhoneSimulator
		{F3D2020E-BA6C-4DCF-82C9-D3B93FED76EF}.Release|iPhoneSimulator.Build.0 = Release|iPhoneSimulator
		{F3D2020E-BA6C-4DCF-82C9-D3B93FED76EF}.Release|x64.ActiveCfg = Release|iPhone
		{F3D2020E-BA6C-4DCF-82C9-D3B93FED76EF}.Release|x86.ActiveCfg = Release|iPhone
		{A450096A-20A6-4EC0-81B8-ED7CFC81E665}.Ad-Hoc|Any CPU.ActiveCfg = Release|Any CPU
		{A450096A-20A6-4EC0-81B8-ED7CFC81E665}.Ad-Hoc|Any CPU.Build.0 = Release|Any CPU
		{A450096A-20A6-4EC0-81B8-ED7CFC81E665}.Ad-Hoc|Any CPU.Deploy.0 = Release|Any CPU
		{A450096A-20A6-4EC0-81B8-ED7CFC81E665}.Ad-Hoc|ARM.ActiveCfg = Release|ARM
		{A450096A-20A6-4EC0-81B8-ED7CFC81E665}.Ad-Hoc|ARM.Build.0 = Release|ARM
		{A450096A-20A6-4EC0-81B8-ED7CFC81E665}.Ad-Hoc|ARM.Deploy.0 = Release|ARM
		{A450096A-20A6-4EC0-81B8-ED7CFC81E665}.Ad-Hoc|iPhone.ActiveCfg = Release|Any CPU
		{A450096A-20A6-4EC0-81B8-ED7CFC81E665}.Ad-Hoc|iPhone.Build.0 = Release|Any CPU
		{A450096A-20A6-4EC0-81B8-ED7CFC81E665}.Ad-Hoc|iPhone.Deploy.0 = Release|Any CPU
		{A450096A-20A6-4EC0-81B8-ED7CFC81E665}.Ad-Hoc|iPhoneSimulator.ActiveCfg = Release|Any CPU
		{A450096A-20A6-4EC0-81B8-ED7CFC81E665}.Ad-Hoc|iPhoneSimulator.Build.0 = Release|Any CPU
		{A450096A-20A6-4EC0-81B8-ED7CFC81E665}.Ad-Hoc|iPhoneSimulator.Deploy.0 = Release|Any CPU
		{A450096A-20A6-4EC0-81B8-ED7CFC81E665}.Ad-Hoc|x64.ActiveCfg = Release|Any CPU
		{A450096A-20A6-4EC0-81B8-ED7CFC81E665}.Ad-Hoc|x64.Build.0 = Release|Any CPU
		{A450096A-20A6-4EC0-81B8-ED7CFC81E665}.Ad-Hoc|x64.Deploy.0 = Release|Any CPU
		{A450096A-20A6-4EC0-81B8-ED7CFC81E665}.Ad-Hoc|x86.ActiveCfg = Release|x86
		{A450096A-20A6-4EC0-81B8-ED7CFC81E665}.Ad-Hoc|x86.Build.0 = Release|x86
		{A450096A-20A6-4EC0-81B8-ED7CFC81E665}.Ad-Hoc|x86.Deploy.0 = Release|x86
		{A450096A-20A6-4EC0-81B8-ED7CFC81E665}.AppStore|Any CPU.ActiveCfg = Release|Any CPU
		{A450096A-20A6-4EC0-81B8-ED7CFC81E665}.AppStore|Any CPU.Build.0 = Release|Any CPU
		{A450096A-20A6-4EC0-81B8-ED7CFC81E665}.AppStore|Any CPU.Deploy.0 = Release|Any CPU
		{A450096A-20A6-4EC0-81B8-ED7CFC81E665}.AppStore|ARM.ActiveCfg = Release|ARM
		{A450096A-20A6-4EC0-81B8-ED7CFC81E665}.AppStore|ARM.Build.0 = Release|ARM
		{A450096A-20A6-4EC0-81B8-ED7CFC81E665}.AppStore|ARM.Deploy.0 = Release|ARM
		{A450096A-20A6-4EC0-81B8-ED7CFC81E665}.AppStore|iPhone.ActiveCfg = Release|Any CPU
		{A450096A-20A6-4EC0-81B8-ED7CFC81E665}.AppStore|iPhone.Build.0 = Release|Any CPU
		{A450096A-20A6-4EC0-81B8-ED7CFC81E665}.AppStore|iPhone.Deploy.0 = Release|Any CPU
		{A450096A-20A6-4EC0-81B8-ED7CFC81E665}.AppStore|iPhoneSimulator.ActiveCfg = Release|Any CPU
		{A450096A-20A6-4EC0-81B8-ED7CFC81E665}.AppStore|iPhoneSimulator.Build.0 = Release|Any CPU
		{A450096A-20A6-4EC0-81B8-ED7CFC81E665}.AppStore|iPhoneSimulator.Deploy.0 = Release|Any CPU
		{A450096A-20A6-4EC0-81B8-ED7CFC81E665}.AppStore|x64.ActiveCfg = Release|Any CPU
		{A450096A-20A6-4EC0-81B8-ED7CFC81E665}.AppStore|x64.Build.0 = Release|Any CPU
		{A450096A-20A6-4EC0-81B8-ED7CFC81E665}.AppStore|x64.Deploy.0 = Release|Any CPU
		{A450096A-20A6-4EC0-81B8-ED7CFC81E665}.AppStore|x86.ActiveCfg = Release|x86
		{A450096A-20A6-4EC0-81B8-ED7CFC81E665}.AppStore|x86.Build.0 = Release|x86
		{A450096A-20A6-4EC0-81B8-ED7CFC81E665}.AppStore|x86.Deploy.0 = Release|x86
		{A450096A-20A6-4EC0-81B8-ED7CFC81E665}.Debug|Any CPU.ActiveCfg = Debug|Any CPU
		{A450096A-20A6-4EC0-81B8-ED7CFC81E665}.Debug|Any CPU.Build.0 = Debug|Any CPU
		{A450096A-20A6-4EC0-81B8-ED7CFC81E665}.Debug|Any CPU.Deploy.0 = Debug|Any CPU
		{A450096A-20A6-4EC0-81B8-ED7CFC81E665}.Debug|ARM.ActiveCfg = Debug|ARM
		{A450096A-20A6-4EC0-81B8-ED7CFC81E665}.Debug|ARM.Build.0 = Debug|ARM
		{A450096A-20A6-4EC0-81B8-ED7CFC81E665}.Debug|ARM.Deploy.0 = Debug|ARM
		{A450096A-20A6-4EC0-81B8-ED7CFC81E665}.Debug|iPhone.ActiveCfg = Debug|Any CPU
		{A450096A-20A6-4EC0-81B8-ED7CFC81E665}.Debug|iPhone.Build.0 = Debug|Any CPU
		{A450096A-20A6-4EC0-81B8-ED7CFC81E665}.Debug|iPhone.Deploy.0 = Debug|Any CPU
		{A450096A-20A6-4EC0-81B8-ED7CFC81E665}.Debug|iPhoneSimulator.ActiveCfg = Debug|Any CPU
		{A450096A-20A6-4EC0-81B8-ED7CFC81E665}.Debug|iPhoneSimulator.Build.0 = Debug|Any CPU
		{A450096A-20A6-4EC0-81B8-ED7CFC81E665}.Debug|iPhoneSimulator.Deploy.0 = Debug|Any CPU
		{A450096A-20A6-4EC0-81B8-ED7CFC81E665}.Debug|x64.ActiveCfg = Debug|Any CPU
		{A450096A-20A6-4EC0-81B8-ED7CFC81E665}.Debug|x64.Build.0 = Debug|Any CPU
		{A450096A-20A6-4EC0-81B8-ED7CFC81E665}.Debug|x64.Deploy.0 = Debug|Any CPU
		{A450096A-20A6-4EC0-81B8-ED7CFC81E665}.Debug|x86.ActiveCfg = Debug|x86
		{A450096A-20A6-4EC0-81B8-ED7CFC81E665}.Debug|x86.Build.0 = Debug|x86
		{A450096A-20A6-4EC0-81B8-ED7CFC81E665}.Debug|x86.Deploy.0 = Debug|x86
		{A450096A-20A6-4EC0-81B8-ED7CFC81E665}.Release|Any CPU.ActiveCfg = Release|Any CPU
		{A450096A-20A6-4EC0-81B8-ED7CFC81E665}.Release|Any CPU.Build.0 = Release|Any CPU
		{A450096A-20A6-4EC0-81B8-ED7CFC81E665}.Release|Any CPU.Deploy.0 = Release|Any CPU
		{A450096A-20A6-4EC0-81B8-ED7CFC81E665}.Release|ARM.ActiveCfg = Release|ARM
		{A450096A-20A6-4EC0-81B8-ED7CFC81E665}.Release|ARM.Build.0 = Release|ARM
		{A450096A-20A6-4EC0-81B8-ED7CFC81E665}.Release|ARM.Deploy.0 = Release|ARM
		{A450096A-20A6-4EC0-81B8-ED7CFC81E665}.Release|iPhone.ActiveCfg = Release|Any CPU
		{A450096A-20A6-4EC0-81B8-ED7CFC81E665}.Release|iPhone.Build.0 = Release|Any CPU
		{A450096A-20A6-4EC0-81B8-ED7CFC81E665}.Release|iPhone.Deploy.0 = Release|Any CPU
		{A450096A-20A6-4EC0-81B8-ED7CFC81E665}.Release|iPhoneSimulator.ActiveCfg = Release|Any CPU
		{A450096A-20A6-4EC0-81B8-ED7CFC81E665}.Release|iPhoneSimulator.Build.0 = Release|Any CPU
		{A450096A-20A6-4EC0-81B8-ED7CFC81E665}.Release|iPhoneSimulator.Deploy.0 = Release|Any CPU
		{A450096A-20A6-4EC0-81B8-ED7CFC81E665}.Release|x64.ActiveCfg = Release|Any CPU
		{A450096A-20A6-4EC0-81B8-ED7CFC81E665}.Release|x64.Build.0 = Release|Any CPU
		{A450096A-20A6-4EC0-81B8-ED7CFC81E665}.Release|x64.Deploy.0 = Release|Any CPU
		{A450096A-20A6-4EC0-81B8-ED7CFC81E665}.Release|x86.ActiveCfg = Release|x86
		{A450096A-20A6-4EC0-81B8-ED7CFC81E665}.Release|x86.Build.0 = Release|x86
		{A450096A-20A6-4EC0-81B8-ED7CFC81E665}.Release|x86.Deploy.0 = Release|x86
		{534CD7A9-E2D2-4558-967A-5CE4BC0FC000}.Ad-Hoc|Any CPU.ActiveCfg = Release|x86
		{534CD7A9-E2D2-4558-967A-5CE4BC0FC000}.Ad-Hoc|Any CPU.Build.0 = Release|x86
		{534CD7A9-E2D2-4558-967A-5CE4BC0FC000}.Ad-Hoc|Any CPU.Deploy.0 = Release|x86
		{534CD7A9-E2D2-4558-967A-5CE4BC0FC000}.Ad-Hoc|ARM.ActiveCfg = Release|ARM
		{534CD7A9-E2D2-4558-967A-5CE4BC0FC000}.Ad-Hoc|ARM.Build.0 = Release|ARM
		{534CD7A9-E2D2-4558-967A-5CE4BC0FC000}.Ad-Hoc|ARM.Deploy.0 = Release|ARM
		{534CD7A9-E2D2-4558-967A-5CE4BC0FC000}.Ad-Hoc|iPhone.ActiveCfg = Release|x86
		{534CD7A9-E2D2-4558-967A-5CE4BC0FC000}.Ad-Hoc|iPhone.Build.0 = Release|x86
		{534CD7A9-E2D2-4558-967A-5CE4BC0FC000}.Ad-Hoc|iPhone.Deploy.0 = Release|x86
		{534CD7A9-E2D2-4558-967A-5CE4BC0FC000}.Ad-Hoc|iPhoneSimulator.ActiveCfg = Release|x86
		{534CD7A9-E2D2-4558-967A-5CE4BC0FC000}.Ad-Hoc|iPhoneSimulator.Build.0 = Release|x86
		{534CD7A9-E2D2-4558-967A-5CE4BC0FC000}.Ad-Hoc|iPhoneSimulator.Deploy.0 = Release|x86
		{534CD7A9-E2D2-4558-967A-5CE4BC0FC000}.Ad-Hoc|x64.ActiveCfg = Release|x64
		{534CD7A9-E2D2-4558-967A-5CE4BC0FC000}.Ad-Hoc|x64.Build.0 = Release|x64
		{534CD7A9-E2D2-4558-967A-5CE4BC0FC000}.Ad-Hoc|x64.Deploy.0 = Release|x64
		{534CD7A9-E2D2-4558-967A-5CE4BC0FC000}.Ad-Hoc|x86.ActiveCfg = Release|x86
		{534CD7A9-E2D2-4558-967A-5CE4BC0FC000}.Ad-Hoc|x86.Build.0 = Release|x86
		{534CD7A9-E2D2-4558-967A-5CE4BC0FC000}.Ad-Hoc|x86.Deploy.0 = Release|x86
		{534CD7A9-E2D2-4558-967A-5CE4BC0FC000}.AppStore|Any CPU.ActiveCfg = Release|x86
		{534CD7A9-E2D2-4558-967A-5CE4BC0FC000}.AppStore|Any CPU.Build.0 = Release|x86
		{534CD7A9-E2D2-4558-967A-5CE4BC0FC000}.AppStore|Any CPU.Deploy.0 = Release|x86
		{534CD7A9-E2D2-4558-967A-5CE4BC0FC000}.AppStore|ARM.ActiveCfg = Release|ARM
		{534CD7A9-E2D2-4558-967A-5CE4BC0FC000}.AppStore|ARM.Build.0 = Release|ARM
		{534CD7A9-E2D2-4558-967A-5CE4BC0FC000}.AppStore|ARM.Deploy.0 = Release|ARM
		{534CD7A9-E2D2-4558-967A-5CE4BC0FC000}.AppStore|iPhone.ActiveCfg = Release|x86
		{534CD7A9-E2D2-4558-967A-5CE4BC0FC000}.AppStore|iPhone.Build.0 = Release|x86
		{534CD7A9-E2D2-4558-967A-5CE4BC0FC000}.AppStore|iPhone.Deploy.0 = Release|x86
		{534CD7A9-E2D2-4558-967A-5CE4BC0FC000}.AppStore|iPhoneSimulator.ActiveCfg = Release|x86
		{534CD7A9-E2D2-4558-967A-5CE4BC0FC000}.AppStore|iPhoneSimulator.Build.0 = Release|x86
		{534CD7A9-E2D2-4558-967A-5CE4BC0FC000}.AppStore|iPhoneSimulator.Deploy.0 = Release|x86
		{534CD7A9-E2D2-4558-967A-5CE4BC0FC000}.AppStore|x64.ActiveCfg = Release|x64
		{534CD7A9-E2D2-4558-967A-5CE4BC0FC000}.AppStore|x64.Build.0 = Release|x64
		{534CD7A9-E2D2-4558-967A-5CE4BC0FC000}.AppStore|x64.Deploy.0 = Release|x64
		{534CD7A9-E2D2-4558-967A-5CE4BC0FC000}.AppStore|x86.ActiveCfg = Release|x86
		{534CD7A9-E2D2-4558-967A-5CE4BC0FC000}.AppStore|x86.Build.0 = Release|x86
		{534CD7A9-E2D2-4558-967A-5CE4BC0FC000}.AppStore|x86.Deploy.0 = Release|x86
		{534CD7A9-E2D2-4558-967A-5CE4BC0FC000}.Debug|Any CPU.ActiveCfg = Debug|x86
		{534CD7A9-E2D2-4558-967A-5CE4BC0FC000}.Debug|ARM.ActiveCfg = Debug|ARM
		{534CD7A9-E2D2-4558-967A-5CE4BC0FC000}.Debug|ARM.Build.0 = Debug|ARM
		{534CD7A9-E2D2-4558-967A-5CE4BC0FC000}.Debug|ARM.Deploy.0 = Debug|ARM
		{534CD7A9-E2D2-4558-967A-5CE4BC0FC000}.Debug|iPhone.ActiveCfg = Debug|x86
		{534CD7A9-E2D2-4558-967A-5CE4BC0FC000}.Debug|iPhoneSimulator.ActiveCfg = Debug|x86
		{534CD7A9-E2D2-4558-967A-5CE4BC0FC000}.Debug|x64.ActiveCfg = Debug|x64
		{534CD7A9-E2D2-4558-967A-5CE4BC0FC000}.Debug|x64.Build.0 = Debug|x64
		{534CD7A9-E2D2-4558-967A-5CE4BC0FC000}.Debug|x64.Deploy.0 = Debug|x64
		{534CD7A9-E2D2-4558-967A-5CE4BC0FC000}.Debug|x86.ActiveCfg = Debug|x86
		{534CD7A9-E2D2-4558-967A-5CE4BC0FC000}.Debug|x86.Build.0 = Debug|x86
		{534CD7A9-E2D2-4558-967A-5CE4BC0FC000}.Debug|x86.Deploy.0 = Debug|x86
		{534CD7A9-E2D2-4558-967A-5CE4BC0FC000}.Release|Any CPU.ActiveCfg = Release|x86
		{534CD7A9-E2D2-4558-967A-5CE4BC0FC000}.Release|ARM.ActiveCfg = Release|ARM
		{534CD7A9-E2D2-4558-967A-5CE4BC0FC000}.Release|ARM.Build.0 = Release|ARM
		{534CD7A9-E2D2-4558-967A-5CE4BC0FC000}.Release|ARM.Deploy.0 = Release|ARM
		{534CD7A9-E2D2-4558-967A-5CE4BC0FC000}.Release|iPhone.ActiveCfg = Release|x86
		{534CD7A9-E2D2-4558-967A-5CE4BC0FC000}.Release|iPhoneSimulator.ActiveCfg = Release|x86
		{534CD7A9-E2D2-4558-967A-5CE4BC0FC000}.Release|x64.ActiveCfg = Release|x64
		{534CD7A9-E2D2-4558-967A-5CE4BC0FC000}.Release|x64.Build.0 = Release|x64
		{534CD7A9-E2D2-4558-967A-5CE4BC0FC000}.Release|x64.Deploy.0 = Release|x64
		{534CD7A9-E2D2-4558-967A-5CE4BC0FC000}.Release|x86.ActiveCfg = Release|x86
		{534CD7A9-E2D2-4558-967A-5CE4BC0FC000}.Release|x86.Build.0 = Release|x86
		{534CD7A9-E2D2-4558-967A-5CE4BC0FC000}.Release|x86.Deploy.0 = Release|x86
		{61E15330-9A61-4BCF-9512-BB3CFDFE3C0F}.Ad-Hoc|Any CPU.ActiveCfg = Release|Any CPU
		{61E15330-9A61-4BCF-9512-BB3CFDFE3C0F}.Ad-Hoc|Any CPU.Build.0 = Release|Any CPU
		{61E15330-9A61-4BCF-9512-BB3CFDFE3C0F}.Ad-Hoc|Any CPU.Deploy.0 = Release|Any CPU
		{61E15330-9A61-4BCF-9512-BB3CFDFE3C0F}.Ad-Hoc|ARM.ActiveCfg = Release|ARM
		{61E15330-9A61-4BCF-9512-BB3CFDFE3C0F}.Ad-Hoc|ARM.Build.0 = Release|ARM
		{61E15330-9A61-4BCF-9512-BB3CFDFE3C0F}.Ad-Hoc|ARM.Deploy.0 = Release|ARM
		{61E15330-9A61-4BCF-9512-BB3CFDFE3C0F}.Ad-Hoc|iPhone.ActiveCfg = Release|Any CPU
		{61E15330-9A61-4BCF-9512-BB3CFDFE3C0F}.Ad-Hoc|iPhone.Build.0 = Release|Any CPU
		{61E15330-9A61-4BCF-9512-BB3CFDFE3C0F}.Ad-Hoc|iPhone.Deploy.0 = Release|Any CPU
		{61E15330-9A61-4BCF-9512-BB3CFDFE3C0F}.Ad-Hoc|iPhoneSimulator.ActiveCfg = Release|Any CPU
		{61E15330-9A61-4BCF-9512-BB3CFDFE3C0F}.Ad-Hoc|iPhoneSimulator.Build.0 = Release|Any CPU
		{61E15330-9A61-4BCF-9512-BB3CFDFE3C0F}.Ad-Hoc|iPhoneSimulator.Deploy.0 = Release|Any CPU
		{61E15330-9A61-4BCF-9512-BB3CFDFE3C0F}.Ad-Hoc|x64.ActiveCfg = Release|x64
		{61E15330-9A61-4BCF-9512-BB3CFDFE3C0F}.Ad-Hoc|x64.Build.0 = Release|x64
		{61E15330-9A61-4BCF-9512-BB3CFDFE3C0F}.Ad-Hoc|x64.Deploy.0 = Release|x64
		{61E15330-9A61-4BCF-9512-BB3CFDFE3C0F}.Ad-Hoc|x86.ActiveCfg = Release|x86
		{61E15330-9A61-4BCF-9512-BB3CFDFE3C0F}.Ad-Hoc|x86.Build.0 = Release|x86
		{61E15330-9A61-4BCF-9512-BB3CFDFE3C0F}.Ad-Hoc|x86.Deploy.0 = Release|x86
		{61E15330-9A61-4BCF-9512-BB3CFDFE3C0F}.AppStore|Any CPU.ActiveCfg = Release|Any CPU
		{61E15330-9A61-4BCF-9512-BB3CFDFE3C0F}.AppStore|Any CPU.Build.0 = Release|Any CPU
		{61E15330-9A61-4BCF-9512-BB3CFDFE3C0F}.AppStore|Any CPU.Deploy.0 = Release|Any CPU
		{61E15330-9A61-4BCF-9512-BB3CFDFE3C0F}.AppStore|ARM.ActiveCfg = Release|ARM
		{61E15330-9A61-4BCF-9512-BB3CFDFE3C0F}.AppStore|ARM.Build.0 = Release|ARM
		{61E15330-9A61-4BCF-9512-BB3CFDFE3C0F}.AppStore|ARM.Deploy.0 = Release|ARM
		{61E15330-9A61-4BCF-9512-BB3CFDFE3C0F}.AppStore|iPhone.ActiveCfg = Release|Any CPU
		{61E15330-9A61-4BCF-9512-BB3CFDFE3C0F}.AppStore|iPhone.Build.0 = Release|Any CPU
		{61E15330-9A61-4BCF-9512-BB3CFDFE3C0F}.AppStore|iPhone.Deploy.0 = Release|Any CPU
		{61E15330-9A61-4BCF-9512-BB3CFDFE3C0F}.AppStore|iPhoneSimulator.ActiveCfg = Release|Any CPU
		{61E15330-9A61-4BCF-9512-BB3CFDFE3C0F}.AppStore|iPhoneSimulator.Build.0 = Release|Any CPU
		{61E15330-9A61-4BCF-9512-BB3CFDFE3C0F}.AppStore|iPhoneSimulator.Deploy.0 = Release|Any CPU
		{61E15330-9A61-4BCF-9512-BB3CFDFE3C0F}.AppStore|x64.ActiveCfg = Release|x64
		{61E15330-9A61-4BCF-9512-BB3CFDFE3C0F}.AppStore|x64.Build.0 = Release|x64
		{61E15330-9A61-4BCF-9512-BB3CFDFE3C0F}.AppStore|x64.Deploy.0 = Release|x64
		{61E15330-9A61-4BCF-9512-BB3CFDFE3C0F}.AppStore|x86.ActiveCfg = Release|x86
		{61E15330-9A61-4BCF-9512-BB3CFDFE3C0F}.AppStore|x86.Build.0 = Release|x86
		{61E15330-9A61-4BCF-9512-BB3CFDFE3C0F}.AppStore|x86.Deploy.0 = Release|x86
		{61E15330-9A61-4BCF-9512-BB3CFDFE3C0F}.Debug|Any CPU.ActiveCfg = Debug|Any CPU
		{61E15330-9A61-4BCF-9512-BB3CFDFE3C0F}.Debug|Any CPU.Build.0 = Debug|Any CPU
		{61E15330-9A61-4BCF-9512-BB3CFDFE3C0F}.Debug|Any CPU.Deploy.0 = Debug|Any CPU
		{61E15330-9A61-4BCF-9512-BB3CFDFE3C0F}.Debug|ARM.ActiveCfg = Debug|ARM
		{61E15330-9A61-4BCF-9512-BB3CFDFE3C0F}.Debug|ARM.Build.0 = Debug|ARM
		{61E15330-9A61-4BCF-9512-BB3CFDFE3C0F}.Debug|ARM.Deploy.0 = Debug|ARM
		{61E15330-9A61-4BCF-9512-BB3CFDFE3C0F}.Debug|iPhone.ActiveCfg = Debug|Any CPU
		{61E15330-9A61-4BCF-9512-BB3CFDFE3C0F}.Debug|iPhone.Build.0 = Debug|Any CPU
		{61E15330-9A61-4BCF-9512-BB3CFDFE3C0F}.Debug|iPhone.Deploy.0 = Debug|Any CPU
		{61E15330-9A61-4BCF-9512-BB3CFDFE3C0F}.Debug|iPhoneSimulator.ActiveCfg = Debug|Any CPU
		{61E15330-9A61-4BCF-9512-BB3CFDFE3C0F}.Debug|iPhoneSimulator.Build.0 = Debug|Any CPU
		{61E15330-9A61-4BCF-9512-BB3CFDFE3C0F}.Debug|iPhoneSimulator.Deploy.0 = Debug|Any CPU
		{61E15330-9A61-4BCF-9512-BB3CFDFE3C0F}.Debug|x64.ActiveCfg = Debug|x64
		{61E15330-9A61-4BCF-9512-BB3CFDFE3C0F}.Debug|x64.Build.0 = Debug|x64
		{61E15330-9A61-4BCF-9512-BB3CFDFE3C0F}.Debug|x64.Deploy.0 = Debug|x64
		{61E15330-9A61-4BCF-9512-BB3CFDFE3C0F}.Debug|x86.ActiveCfg = Debug|x86
		{61E15330-9A61-4BCF-9512-BB3CFDFE3C0F}.Debug|x86.Build.0 = Debug|x86
		{61E15330-9A61-4BCF-9512-BB3CFDFE3C0F}.Debug|x86.Deploy.0 = Debug|x86
		{61E15330-9A61-4BCF-9512-BB3CFDFE3C0F}.Release|Any CPU.ActiveCfg = Release|Any CPU
		{61E15330-9A61-4BCF-9512-BB3CFDFE3C0F}.Release|Any CPU.Build.0 = Release|Any CPU
		{61E15330-9A61-4BCF-9512-BB3CFDFE3C0F}.Release|Any CPU.Deploy.0 = Release|Any CPU
		{61E15330-9A61-4BCF-9512-BB3CFDFE3C0F}.Release|ARM.ActiveCfg = Release|ARM
		{61E15330-9A61-4BCF-9512-BB3CFDFE3C0F}.Release|ARM.Build.0 = Release|ARM
		{61E15330-9A61-4BCF-9512-BB3CFDFE3C0F}.Release|ARM.Deploy.0 = Release|ARM
		{61E15330-9A61-4BCF-9512-BB3CFDFE3C0F}.Release|iPhone.ActiveCfg = Release|Any CPU
		{61E15330-9A61-4BCF-9512-BB3CFDFE3C0F}.Release|iPhone.Build.0 = Release|Any CPU
		{61E15330-9A61-4BCF-9512-BB3CFDFE3C0F}.Release|iPhone.Deploy.0 = Release|Any CPU
		{61E15330-9A61-4BCF-9512-BB3CFDFE3C0F}.Release|iPhoneSimulator.ActiveCfg = Release|Any CPU
		{61E15330-9A61-4BCF-9512-BB3CFDFE3C0F}.Release|iPhoneSimulator.Build.0 = Release|Any CPU
		{61E15330-9A61-4BCF-9512-BB3CFDFE3C0F}.Release|iPhoneSimulator.Deploy.0 = Release|Any CPU
		{61E15330-9A61-4BCF-9512-BB3CFDFE3C0F}.Release|x64.ActiveCfg = Release|x64
		{61E15330-9A61-4BCF-9512-BB3CFDFE3C0F}.Release|x64.Build.0 = Release|x64
		{61E15330-9A61-4BCF-9512-BB3CFDFE3C0F}.Release|x64.Deploy.0 = Release|x64
		{61E15330-9A61-4BCF-9512-BB3CFDFE3C0F}.Release|x86.ActiveCfg = Release|x86
		{61E15330-9A61-4BCF-9512-BB3CFDFE3C0F}.Release|x86.Build.0 = Release|x86
		{61E15330-9A61-4BCF-9512-BB3CFDFE3C0F}.Release|x86.Deploy.0 = Release|x86
		{E963C6E2-20C8-44CE-B067-50CB5183D7EE}.Ad-Hoc|Any CPU.ActiveCfg = Release|Any CPU
		{E963C6E2-20C8-44CE-B067-50CB5183D7EE}.Ad-Hoc|Any CPU.Build.0 = Release|Any CPU
		{E963C6E2-20C8-44CE-B067-50CB5183D7EE}.Ad-Hoc|ARM.ActiveCfg = Release|Any CPU
		{E963C6E2-20C8-44CE-B067-50CB5183D7EE}.Ad-Hoc|ARM.Build.0 = Release|Any CPU
		{E963C6E2-20C8-44CE-B067-50CB5183D7EE}.Ad-Hoc|iPhone.ActiveCfg = Release|Any CPU
		{E963C6E2-20C8-44CE-B067-50CB5183D7EE}.Ad-Hoc|iPhone.Build.0 = Release|Any CPU
		{E963C6E2-20C8-44CE-B067-50CB5183D7EE}.Ad-Hoc|iPhoneSimulator.ActiveCfg = Release|Any CPU
		{E963C6E2-20C8-44CE-B067-50CB5183D7EE}.Ad-Hoc|iPhoneSimulator.Build.0 = Release|Any CPU
		{E963C6E2-20C8-44CE-B067-50CB5183D7EE}.Ad-Hoc|x64.ActiveCfg = Release|Any CPU
		{E963C6E2-20C8-44CE-B067-50CB5183D7EE}.Ad-Hoc|x64.Build.0 = Release|Any CPU
		{E963C6E2-20C8-44CE-B067-50CB5183D7EE}.Ad-Hoc|x86.ActiveCfg = Release|Any CPU
		{E963C6E2-20C8-44CE-B067-50CB5183D7EE}.Ad-Hoc|x86.Build.0 = Release|Any CPU
		{E963C6E2-20C8-44CE-B067-50CB5183D7EE}.AppStore|Any CPU.ActiveCfg = Release|Any CPU
		{E963C6E2-20C8-44CE-B067-50CB5183D7EE}.AppStore|Any CPU.Build.0 = Release|Any CPU
		{E963C6E2-20C8-44CE-B067-50CB5183D7EE}.AppStore|ARM.ActiveCfg = Release|Any CPU
		{E963C6E2-20C8-44CE-B067-50CB5183D7EE}.AppStore|ARM.Build.0 = Release|Any CPU
		{E963C6E2-20C8-44CE-B067-50CB5183D7EE}.AppStore|iPhone.ActiveCfg = Release|Any CPU
		{E963C6E2-20C8-44CE-B067-50CB5183D7EE}.AppStore|iPhone.Build.0 = Release|Any CPU
		{E963C6E2-20C8-44CE-B067-50CB5183D7EE}.AppStore|iPhoneSimulator.ActiveCfg = Release|Any CPU
		{E963C6E2-20C8-44CE-B067-50CB5183D7EE}.AppStore|iPhoneSimulator.Build.0 = Release|Any CPU
		{E963C6E2-20C8-44CE-B067-50CB5183D7EE}.AppStore|x64.ActiveCfg = Release|Any CPU
		{E963C6E2-20C8-44CE-B067-50CB5183D7EE}.AppStore|x64.Build.0 = Release|Any CPU
		{E963C6E2-20C8-44CE-B067-50CB5183D7EE}.AppStore|x86.ActiveCfg = Release|Any CPU
		{E963C6E2-20C8-44CE-B067-50CB5183D7EE}.AppStore|x86.Build.0 = Release|Any CPU
		{E963C6E2-20C8-44CE-B067-50CB5183D7EE}.Debug|Any CPU.ActiveCfg = Debug|Any CPU
		{E963C6E2-20C8-44CE-B067-50CB5183D7EE}.Debug|Any CPU.Build.0 = Debug|Any CPU
		{E963C6E2-20C8-44CE-B067-50CB5183D7EE}.Debug|ARM.ActiveCfg = Debug|Any CPU
		{E963C6E2-20C8-44CE-B067-50CB5183D7EE}.Debug|ARM.Build.0 = Debug|Any CPU
		{E963C6E2-20C8-44CE-B067-50CB5183D7EE}.Debug|iPhone.ActiveCfg = Debug|Any CPU
		{E963C6E2-20C8-44CE-B067-50CB5183D7EE}.Debug|iPhone.Build.0 = Debug|Any CPU
		{E963C6E2-20C8-44CE-B067-50CB5183D7EE}.Debug|iPhoneSimulator.ActiveCfg = Debug|Any CPU
		{E963C6E2-20C8-44CE-B067-50CB5183D7EE}.Debug|iPhoneSimulator.Build.0 = Debug|Any CPU
		{E963C6E2-20C8-44CE-B067-50CB5183D7EE}.Debug|x64.ActiveCfg = Debug|Any CPU
		{E963C6E2-20C8-44CE-B067-50CB5183D7EE}.Debug|x64.Build.0 = Debug|Any CPU
		{E963C6E2-20C8-44CE-B067-50CB5183D7EE}.Debug|x86.ActiveCfg = Debug|Any CPU
		{E963C6E2-20C8-44CE-B067-50CB5183D7EE}.Debug|x86.Build.0 = Debug|Any CPU
		{E963C6E2-20C8-44CE-B067-50CB5183D7EE}.Release|Any CPU.ActiveCfg = Release|Any CPU
		{E963C6E2-20C8-44CE-B067-50CB5183D7EE}.Release|Any CPU.Build.0 = Release|Any CPU
		{E963C6E2-20C8-44CE-B067-50CB5183D7EE}.Release|ARM.ActiveCfg = Release|Any CPU
		{E963C6E2-20C8-44CE-B067-50CB5183D7EE}.Release|ARM.Build.0 = Release|Any CPU
		{E963C6E2-20C8-44CE-B067-50CB5183D7EE}.Release|iPhone.ActiveCfg = Release|Any CPU
		{E963C6E2-20C8-44CE-B067-50CB5183D7EE}.Release|iPhone.Build.0 = Release|Any CPU
		{E963C6E2-20C8-44CE-B067-50CB5183D7EE}.Release|iPhoneSimulator.ActiveCfg = Release|Any CPU
		{E963C6E2-20C8-44CE-B067-50CB5183D7EE}.Release|iPhoneSimulator.Build.0 = Release|Any CPU
		{E963C6E2-20C8-44CE-B067-50CB5183D7EE}.Release|x64.ActiveCfg = Release|Any CPU
		{E963C6E2-20C8-44CE-B067-50CB5183D7EE}.Release|x64.Build.0 = Release|Any CPU
		{E963C6E2-20C8-44CE-B067-50CB5183D7EE}.Release|x86.ActiveCfg = Release|Any CPU
		{E963C6E2-20C8-44CE-B067-50CB5183D7EE}.Release|x86.Build.0 = Release|Any CPU
	EndGlobalSection
	GlobalSection(SolutionProperties) = preSolution
		HideSolutionNode = FALSE
	EndGlobalSection
EndGlobal
